
Microsoft Visual Studio Solution File, Format Version 11.00
# Visual Studio 2010
Project("{FAE04EC0-301F-11D3-BF4B-00C04F79EFBC}") = "HC.TripData.Web", "HC.TripData.Web\HC.TripData.Web.csproj", "{532F2B64-8CBB-4651-B1E3-916D81EE37EF}"
EndProject
Project("{FAE04EC0-301F-11D3-BF4B-00C04F79EFBC}") = "HC.TripData.Domain", "HC.TripData.Domain\HC.TripData.Domain.csproj", "{09A3E27B-6A6F-4828-AB76-C6E696751E6F}"
EndProject
Project("{FAE04EC0-301F-11D3-BF4B-00C04F79EFBC}") = "HC.TripData.Repository.Interfaces", "HC.TripData.Repository.Interfaces\HC.TripData.Repository.Interfaces.csproj", "{A7112085-33B6-4A74-899C-760464E25090}"
EndProject
Project("{FAE04EC0-301F-11D3-BF4B-00C04F79EFBC}") = "HC.TripData.Repository.Mongo", "HC.TripData.Repository.Mongo\HC.TripData.Repository.Mongo.csproj", "{B3FBE918-F26E-4EAE-B1FA-39EC94F59545}"
EndProject
Project("{FAE04EC0-301F-11D3-BF4B-00C04F79EFBC}") = "HC.TripData.Repository.Mongo.UnitTests", "HC.TripData.Repository.Mongo.UnitTests\HC.TripData.Repository.Mongo.UnitTests.csproj", "{A8F92847-384A-44DD-BD1F-960561C25390}"
EndProject
Project("{2150E333-8FDC-42A3-9474-1A3956D46DE8}") = "Solution Items", "Solution Items", "{A16A49E3-F5B5-4B37-B123-D515F7E35BFF}"
EndProject
Project("{FAE04EC0-301F-11D3-BF4B-00C04F79EFBC}") = "Elmah.MongoDB", "Elmah.MongoDB\Elmah.MongoDB.csproj", "{41AFEE84-1EE9-4457-917A-52632B55A1BA}"
EndProject
Project("{FAE04EC0-301F-11D3-BF4B-00C04F79EFBC}") = "HC.Common", "HC.Common\HC.Common.csproj", "{B0517494-BE77-4E25-BD07-0B60473A2DAA}"
EndProject
Project("{FAE04EC0-301F-11D3-BF4B-00C04F79EFBC}") = "HC.WebApi.Helpers", "HC.WebApi.Helpers\HC.WebApi.Helpers.csproj", "{2B85921F-C98B-4F05-AB36-E34A82EDA7D6}"
EndProject
Global
	GlobalSection(SolutionConfigurationPlatforms) = preSolution
		Debug|Any CPU = Debug|Any CPU
		Release|Any CPU = Release|Any CPU
	EndGlobalSection
	GlobalSection(ProjectConfigurationPlatforms) = postSolution
		{532F2B64-8CBB-4651-B1E3-916D81EE37EF}.Debug|Any CPU.ActiveCfg = Debug|Any CPU
		{532F2B64-8CBB-4651-B1E3-916D81EE37EF}.Debug|Any CPU.Build.0 = Debug|Any CPU
		{532F2B64-8CBB-4651-B1E3-916D81EE37EF}.Release|Any CPU.ActiveCfg = Release|Any CPU
		{532F2B64-8CBB-4651-B1E3-916D81EE37EF}.Release|Any CPU.Build.0 = Release|Any CPU
		{09A3E27B-6A6F-4828-AB76-C6E696751E6F}.Debug|Any CPU.ActiveCfg = Debug|Any CPU
		{09A3E27B-6A6F-4828-AB76-C6E696751E6F}.Debug|Any CPU.Build.0 = Debug|Any CPU
		{09A3E27B-6A6F-4828-AB76-C6E696751E6F}.Release|Any CPU.ActiveCfg = Release|Any CPU
		{09A3E27B-6A6F-4828-AB76-C6E696751E6F}.Release|Any CPU.Build.0 = Release|Any CPU
		{A7112085-33B6-4A74-899C-760464E25090}.Debug|Any CPU.ActiveCfg = Debug|Any CPU
		{A7112085-33B6-4A74-899C-760464E25090}.Debug|Any CPU.Build.0 = Debug|Any CPU
		{A7112085-33B6-4A74-899C-760464E25090}.Release|Any CPU.ActiveCfg = Release|Any CPU
		{A7112085-33B6-4A74-899C-760464E25090}.Release|Any CPU.Build.0 = Release|Any CPU
		{B3FBE918-F26E-4EAE-B1FA-39EC94F59545}.Debug|Any CPU.ActiveCfg = Debug|Any CPU
		{B3FBE918-F26E-4EAE-B1FA-39EC94F59545}.Debug|Any CPU.Build.0 = Debug|Any CPU
		{B3FBE918-F26E-4EAE-B1FA-39EC94F59545}.Release|Any CPU.ActiveCfg = Release|Any CPU
		{B3FBE918-F26E-4EAE-B1FA-39EC94F59545}.Release|Any CPU.Build.0 = Release|Any CPU
		{A8F92847-384A-44DD-BD1F-960561C25390}.Debug|Any CPU.ActiveCfg = Debug|Any CPU
		{A8F92847-384A-44DD-BD1F-960561C25390}.Debug|Any CPU.Build.0 = Debug|Any CPU
		{A8F92847-384A-44DD-BD1F-960561C25390}.Release|Any CPU.ActiveCfg = Release|Any CPU
		{A8F92847-384A-44DD-BD1F-960561C25390}.Release|Any CPU.Build.0 = Release|Any CPU
		{41AFEE84-1EE9-4457-917A-52632B55A1BA}.Debug|Any CPU.ActiveCfg = Debug|Any CPU
		{41AFEE84-1EE9-4457-917A-52632B55A1BA}.Debug|Any CPU.Build.0 = Debug|Any CPU
		{41AFEE84-1EE9-4457-917A-52632B55A1BA}.Release|Any CPU.ActiveCfg = Release|Any CPU
		{41AFEE84-1EE9-4457-917A-52632B55A1BA}.Release|Any CPU.Build.0 = Release|Any CPU
		{B0517494-BE77-4E25-BD07-0B60473A2DAA}.Debug|Any CPU.ActiveCfg = Debug|Any CPU
		{B0517494-BE77-4E25-BD07-0B60473A2DAA}.Debug|Any CPU.Build.0 = Debug|Any CPU
		{B0517494-BE77-4E25-BD07-0B60473A2DAA}.Release|Any CPU.ActiveCfg = Release|Any CPU
		{B0517494-BE77-4E25-BD07-0B60473A2DAA}.Release|Any CPU.Build.0 = Release|Any CPU
		{2B85921F-C98B-4F05-AB36-E34A82EDA7D6}.Debug|Any CPU.ActiveCfg = Debug|Any CPU
		{2B85921F-C98B-4F05-AB36-E34A82EDA7D6}.Debug|Any CPU.Build.0 = Debug|Any CPU
		{2B85921F-C98B-4F05-AB36-E34A82EDA7D6}.Release|Any CPU.ActiveCfg = Release|Any CPU
		{2B85921F-C98B-4F05-AB36-E34A82EDA7D6}.Release|Any CPU.Build.0 = Release|Any CPU
	EndGlobalSection
	GlobalSection(SolutionProperties) = preSolution
		HideSolutionNode = FALSE
	EndGlobalSection
	GlobalSection(ExtensibilityGlobals) = postSolution
		EnterpriseLibraryConfigurationToolBinariesPath = packages\Unity.2.1.505.0\lib\NET35
	EndGlobalSection
EndGlobal
